#did this during step 7
Microsoft Visual Studio Solution File, Format Version 12.00
# Visual Studio 15
VisualStudioVersion = 15.0.27130.2027
MinimumVisualStudioVersion = 10.0.40219.1
Project("{FAE04EC0-301F-11D3-BF4B-00C04F79EFBC}") = "radix", "radix\radix.csproj", "{A60B6841-DB26-42E5-A21F-3769F0EC5ADC}"
EndProject
Project("{FAE04EC0-301F-11D3-BF4B-00C04F79EFBC}") = "testRadixSort", "testRadixSort\testRadixSort.csproj", "{2FAB04E2-DFD9-4895-A719-1E363D361E8E}"
EndProject
Global
	GlobalSection(SolutionConfigurationPlatforms) = preSolution
		Debug|Any CPU = Debug|Any CPU
		Release|Any CPU = Release|Any CPU
	EndGlobalSection
	GlobalSection(ProjectConfigurationPlatforms) = postSolution
		{A60B6841-DB26-42E5-A21F-3769F0EC5ADC}.Debug|Any CPU.ActiveCfg = Debug|Any CPU
		{A60B6841-DB26-42E5-A21F-3769F0EC5ADC}.Debug|Any CPU.Build.0 = Debug|Any CPU
		{A60B6841-DB26-42E5-A21F-3769F0EC5ADC}.Release|Any CPU.ActiveCfg = Release|Any CPU
		{A60B6841-DB26-42E5-A21F-3769F0EC5ADC}.Release|Any CPU.Build.0 = Release|Any CPU
		{2FAB04E2-DFD9-4895-A719-1E363D361E8E}.Debug|Any CPU.ActiveCfg = Debug|Any CPU
		{2FAB04E2-DFD9-4895-A719-1E363D361E8E}.Debug|Any CPU.Build.0 = Debug|Any CPU
		{2FAB04E2-DFD9-4895-A719-1E363D361E8E}.Release|Any CPU.ActiveCfg = Release|Any CPU
		{2FAB04E2-DFD9-4895-A719-1E363D361E8E}.Release|Any CPU.Build.0 = Release|Any CPU
	EndGlobalSection
	GlobalSection(SolutionProperties) = preSolution
		HideSolutionNode = FALSE
	EndGlobalSection
	GlobalSection(ExtensibilityGlobals) = postSolution
		SolutionGuid = {F6F140EE-AF1E-45ED-892D-6ABAEA06E558}
	EndGlobalSection
EndGlobal
